// !$*UTF8*$!
{
	archiveVersion = 1;
	classes = {
	};
	objectVersion = 48;
	objects = {

/* Begin PBXBuildFile section */
		6FE0CB697F0C0C6E532050F4 /* Pods_RACDemo.framework in Frameworks */ = {isa = PBXBuildFile; fileRef = 82875E5B44EBB61693C0A0D7 /* Pods_RACDemo.framework */; };
		C724A3E21FA964A8009789AC /* Calculator.m in Sources */ = {isa = PBXBuildFile; fileRef = C724A3E11FA964A8009789AC /* Calculator.m */; };
		C724A3E81FA965AC009789AC /* NSObject+Calculator.m in Sources */ = {isa = PBXBuildFile; fileRef = C724A3E71FA965AC009789AC /* NSObject+Calculator.m */; };
		C79A29991FA850D800C67481 /* AppDelegate.m in Sources */ = {isa = PBXBuildFile; fileRef = C79A29981FA850D800C67481 /* AppDelegate.m */; };
		C79A299C1FA850D800C67481 /* ViewController.m in Sources */ = {isa = PBXBuildFile; fileRef = C79A299B1FA850D800C67481 /* ViewController.m */; };
		C79A299F1FA850D800C67481 /* Main.storyboard in Resources */ = {isa = PBXBuildFile; fileRef = C79A299D1FA850D800C67481 /* Main.storyboard */; };
		C79A29A11FA850D800C67481 /* Assets.xcassets in Resources */ = {isa = PBXBuildFile; fileRef = C79A29A01FA850D800C67481 /* Assets.xcassets */; };
		C79A29A41FA850D800C67481 /* LaunchScreen.storyboard in Resources */ = {isa = PBXBuildFile; fileRef = C79A29A21FA850D800C67481 /* LaunchScreen.storyboard */; };
		C79A29A71FA850D800C67481 /* main.m in Sources */ = {isa = PBXBuildFile; fileRef = C79A29A61FA850D800C67481 /* main.m */; };
		C79A29AF1FA8665D00C67481 /* RedView.m in Sources */ = {isa = PBXBuildFile; fileRef = C79A29AE1FA8665D00C67481 /* RedView.m */; };
/* End PBXBuildFile section */

/* Begin PBXFileReference section */
		16BFB54F94718F71F2EAC288 /* Pods-RACDemo.debug.xcconfig */ = {isa = PBXFileReference; includeInIndex = 1; lastKnownFileType = text.xcconfig; name = "Pods-RACDemo.debug.xcconfig"; path = "Pods/Target Support Files/Pods-RACDemo/Pods-RACDemo.debug.xcconfig"; sourceTree = "<group>"; };
		82875E5B44EBB61693C0A0D7 /* Pods_RACDemo.framework */ = {isa = PBXFileReference; explicitFileType = wrapper.framework; includeInIndex = 0; path = Pods_RACDemo.framework; sourceTree = BUILT_PRODUCTS_DIR; };
		C724A3E01FA964A8009789AC /* Calculator.h */ = {isa = PBXFileReference; lastKnownFileType = sourcecode.c.h; path = Calculator.h; sourceTree = "<group>"; };
		C724A3E11FA964A8009789AC /* Calculator.m */ = {isa = PBXFileReference; lastKnownFileType = sourcecode.c.objc; path = Calculator.m; sourceTree = "<group>"; };
		C724A3E61FA965AC009789AC /* NSObject+Calculator.h */ = {isa = PBXFileReference; lastKnownFileType = sourcecode.c.h; path = "NSObject+Calculator.h"; sourceTree = "<group>"; };
		C724A3E71FA965AC009789AC /* NSObject+Calculator.m */ = {isa = PBXFileReference; lastKnownFileType = sourcecode.c.objc; path = "NSObject+Calculator.m"; sourceTree = "<group>"; };
		C79A29941FA850D800C67481 /* RACDemo.app */ = {isa = PBXFileReference; explicitFileType = wrapper.application; includeInIndex = 0; path = RACDemo.app; sourceTree = BUILT_PRODUCTS_DIR; };
		C79A29971FA850D800C67481 /* AppDelegate.h */ = {isa = PBXFileReference; lastKnownFileType = sourcecode.c.h; path = AppDelegate.h; sourceTree = "<group>"; };
		C79A29981FA850D800C67481 /* AppDelegate.m */ = {isa = PBXFileReference; lastKnownFileType = sourcecode.c.objc; path = AppDelegate.m; sourceTree = "<group>"; };
		C79A299A1FA850D800C67481 /* ViewController.h */ = {isa = PBXFileReference; lastKnownFileType = sourcecode.c.h; path = ViewController.h; sourceTree = "<group>"; };
		C79A299B1FA850D800C67481 /* ViewController.m */ = {isa = PBXFileReference; lastKnownFileType = sourcecode.c.objc; path = ViewController.m; sourceTree = "<group>"; };
		C79A299E1FA850D800C67481 /* Base */ = {isa = PBXFileReference; lastKnownFileType = file.storyboard; name = Base; path = Base.lproj/Main.storyboard; sourceTree = "<group>"; };
		C79A29A01FA850D800C67481 /* Assets.xcassets */ = {isa = PBXFileReference; lastKnownFileType = folder.assetcatalog; path = Assets.xcassets; sourceTree = "<group>"; };
		C79A29A31FA850D800C67481 /* Base */ = {isa = PBXFileReference; lastKnownFileType = file.storyboard; name = Base; path = Base.lproj/LaunchScreen.storyboard; sourceTree = "<group>"; };
		C79A29A51FA850D800C67481 /* Info.plist */ = {isa = PBXFileReference; lastKnownFileType = text.plist.xml; path = Info.plist; sourceTree = "<group>"; };
		C79A29A61FA850D800C67481 /* main.m */ = {isa = PBXFileReference; lastKnownFileType = sourcecode.c.objc; path = main.m; sourceTree = "<group>"; };
		C79A29AD1FA8665D00C67481 /* RedView.h */ = {isa = PBXFileReference; lastKnownFileType = sourcecode.c.h; path = RedView.h; sourceTree = "<group>"; };
		C79A29AE1FA8665D00C67481 /* RedView.m */ = {isa = PBXFileReference; lastKnownFileType = sourcecode.c.objc; path = RedView.m; sourceTree = "<group>"; };
		F0F2876D185AEAE6838CE339 /* Pods-RACDemo.release.xcconfig */ = {isa = PBXFileReference; includeInIndex = 1; lastKnownFileType = text.xcconfig; name = "Pods-RACDemo.release.xcconfig"; path = "Pods/Target Support Files/Pods-RACDemo/Pods-RACDemo.release.xcconfig"; sourceTree = "<group>"; };
/* End PBXFileReference section */

/* Begin PBXFrameworksBuildPhase section */
		C79A29911FA850D800C67481 /* Frameworks */ = {
			isa = PBXFrameworksBuildPhase;
			buildActionMask = 2147483647;
			files = (
				6FE0CB697F0C0C6E532050F4 /* Pods_RACDemo.framework in Frameworks */,
			);
			runOnlyForDeploymentPostprocessing = 0;
		};
/* End PBXFrameworksBuildPhase section */

/* Begin PBXGroup section */
		17FC9CAB5F1596D22CEE2602 /* Pods */ = {
			isa = PBXGroup;
			children = (
				16BFB54F94718F71F2EAC288 /* Pods-RACDemo.debug.xcconfig */,
				F0F2876D185AEAE6838CE339 /* Pods-RACDemo.release.xcconfig */,
			);
			name = Pods;
			sourceTree = "<group>";
		};
		5C53939DA62F368C2BB43520 /* Frameworks */ = {
			isa = PBXGroup;
			children = (
				82875E5B44EBB61693C0A0D7 /* Pods_RACDemo.framework */,
			);
			name = Frameworks;
			sourceTree = "<group>";
		};
		C79A298B1FA850D800C67481 = {
			isa = PBXGroup;
			children = (
				C79A29961FA850D800C67481 /* RACDemo */,
				C79A29951FA850D800C67481 /* Products */,
				17FC9CAB5F1596D22CEE2602 /* Pods */,
				5C53939DA62F368C2BB43520 /* Frameworks */,
			);
			sourceTree = "<group>";
		};
		C79A29951FA850D800C67481 /* Products */ = {
			isa = PBXGroup;
			children = (
				C79A29941FA850D800C67481 /* RACDemo.app */,
			);
			name = Products;
			sourceTree = "<group>";
		};
		C79A29961FA850D800C67481 /* RACDemo */ = {
			isa = PBXGroup;
			children = (
				C79A29971FA850D800C67481 /* AppDelegate.h */,
				C79A29981FA850D800C67481 /* AppDelegate.m */,
				C79A299A1FA850D800C67481 /* ViewController.h */,
				C79A299B1FA850D800C67481 /* ViewController.m */,
				C79A29AD1FA8665D00C67481 /* RedView.h */,
				C79A29AE1FA8665D00C67481 /* RedView.m */,
				C724A3E01FA964A8009789AC /* Calculator.h */,
				C724A3E11FA964A8009789AC /* Calculator.m */,
				C724A3E61FA965AC009789AC /* NSObject+Calculator.h */,
				C724A3E71FA965AC009789AC /* NSObject+Calculator.m */,
				C79A299D1FA850D800C67481 /* Main.storyboard */,
				C79A29A01FA850D800C67481 /* Assets.xcassets */,
				C79A29A21FA850D800C67481 /* LaunchScreen.storyboard */,
				C79A29A51FA850D800C67481 /* Info.plist */,
				C79A29A61FA850D800C67481 /* main.m */,
			);
			path = RACDemo;
			sourceTree = "<group>";
		};
/* End PBXGroup section */

/* Begin PBXNativeTarget section */
		C79A29931FA850D800C67481 /* RACDemo */ = {
			isa = PBXNativeTarget;
			buildConfigurationList = C79A29AA1FA850D800C67481 /* Build configuration list for PBXNativeTarget "RACDemo" */;
			buildPhases = (
				6D016B00496AD7CB05037B73 /* [CP] Check Pods Manifest.lock */,
				C79A29901FA850D800C67481 /* Sources */,
				C79A29911FA850D800C67481 /* Frameworks */,
				C79A29921FA850D800C67481 /* Resources */,
				BCB6FB625C90BFDF0D9F0E0D /* [CP] Embed Pods Frameworks */,
				373B740097310710153075F8 /* [CP] Copy Pods Resources */,
			);
			buildRules = (
			);
			dependencies = (
			);
			name = RACDemo;
			productName = RACDemo;
			productReference = C79A29941FA850D800C67481 /* RACDemo.app */;
			productType = "com.apple.product-type.application";
		};
/* End PBXNativeTarget section */

/* Begin PBXProject section */
		C79A298C1FA850D800C67481 /* Project object */ = {
			isa = PBXProject;
			attributes = {
				LastUpgradeCheck = 0900;
				ORGANIZATIONNAME = zhiyuehl;
				TargetAttributes = {
					C79A29931FA850D800C67481 = {
						CreatedOnToolsVersion = 9.0;
						ProvisioningStyle = Automatic;
					};
				};
			};
			buildConfigurationList = C79A298F1FA850D800C67481 /* Build configuration list for PBXProject "RACDemo" */;
			compatibilityVersion = "Xcode 8.0";
			developmentRegion = en;
			hasScannedForEncodings = 0;
			knownRegions = (
				en,
				Base,
			);
			mainGroup = C79A298B1FA850D800C67481;
			productRefGroup = C79A29951FA850D800C67481 /* Products */;
			projectDirPath = "";
			projectRoot = "";
			targets = (
				C79A29931FA850D800C67481 /* RACDemo */,
			);
		};
/* End PBXProject section */

/* Begin PBXResourcesBuildPhase section */
		C79A29921FA850D800C67481 /* Resources */ = {
			isa = PBXResourcesBuildPhase;
			buildActionMask = 2147483647;
			files = (
				C79A29A41FA850D800C67481 /* LaunchScreen.storyboard in Resources */,
				C79A29A11FA850D800C67481 /* Assets.xcassets in Resources */,
				C79A299F1FA850D800C67481 /* Main.storyboard in Resources */,
			);
			runOnlyForDeploymentPostprocessing = 0;
		};
/* End PBXResourcesBuildPhase section */

/* Begin PBXShellScriptBuildPhase section */
		373B740097310710153075F8 /* [CP] Copy Pods Resources */ = {
			isa = PBXShellScriptBuildPhase;
			buildActionMask = 2147483647;
			files = (
			);
			inputPaths = (
			);
			name = "[CP] Copy Pods Resources";
			outputPaths = (
			);
			runOnlyForDeploymentPostprocessing = 0;
			shellPath = /bin/sh;
			shellScript = "\"${SRCROOT}/Pods/Target Support Files/Pods-RACDemo/Pods-RACDemo-resources.sh\"\n";
			showEnvVarsInLog = 0;
		};
		6D016B00496AD7CB05037B73 /* [CP] Check Pods Manifest.lock */ = {
			isa = PBXShellScriptBuildPhase;
			buildActionMask = 2147483647;
			files = (
			);
			inputPaths = (
			);
			name = "[CP] Check Pods Manifest.lock";
			outputPaths = (
			);
			runOnlyForDeploymentPostprocessing = 0;
			shellPath = /bin/sh;
			shellScript = "diff \"${PODS_ROOT}/../Podfile.lock\" \"${PODS_ROOT}/Manifest.lock\" > /dev/null\nif [ $? != 0 ] ; then\n    # print error to STDERR\n    echo \"error: The sandbox is not in sync with the Podfile.lock. Run 'pod install' or update your CocoaPods installation.\" >&2\n    exit 1\nfi\n";
			showEnvVarsInLog = 0;
		};
		BCB6FB625C90BFDF0D9F0E0D /* [CP] Embed Pods Frameworks */ = {
			isa = PBXShellScriptBuildPhase;
			buildActionMask = 2147483647;
			files = (
			);
			inputPaths = (
			);
			name = "[CP] Embed Pods Frameworks";
			outputPaths = (
			);
			runOnlyForDeploymentPostprocessing = 0;
			shellPath = /bin/sh;
			shellScript = "\"${SRCROOT}/Pods/Target Support Files/Pods-RACDemo/Pods-RACDemo-frameworks.sh\"\n";
			showEnvVarsInLog = 0;
		};
/* End PBXShellScriptBuildPhase section */

/* Begin PBXSourcesBuildPhase section */
		C79A29901FA850D800C67481 /* Sources */ = {
			isa = PBXSourcesBuildPhase;
			buildActionMask = 2147483647;
			files = (
				C79A299C1FA850D800C67481 /* ViewController.m in Sources */,
				C79A29A71FA850D800C67481 /* main.m in Sources */,
				C79A29AF1FA8665D00C67481 /* RedView.m in Sources */,
				C79A29991FA850D800C67481 /* AppDelegate.m in Sources */,
				C724A3E21FA964A8009789AC /* Calculator.m in Sources */,
				C724A3E81FA965AC009789AC /* NSObject+Calculator.m in Sources */,
			);
			runOnlyForDeploymentPostprocessing = 0;
		};
/* End PBXSourcesBuildPhase section */

/* Begin PBXVariantGroup section */
		C79A299D1FA850D800C67481 /* Main.storyboard */ = {
			isa = PBXVariantGroup;
			children = (
				C79A299E1FA850D800C67481 /* Base */,
			);
			name = Main.storyboard;
			sourceTree = "<group>";
		};
		C79A29A21FA850D800C67481 /* LaunchScreen.storyboard */ = {
			isa = PBXVariantGroup;
			children = (
				C79A29A31FA850D800C67481 /* Base */,
			);
			name = LaunchScreen.storyboard;
			sourceTree = "<group>";
		};
/* End PBXVariantGroup section */

/* Begin XCBuildConfiguration section */
		C79A29A81FA850D800C67481 /* Debug */ = {
			isa = XCBuildConfiguration;
			buildSettings = {
				ALWAYS_SEARCH_USER_PATHS = NO;
				CLANG_ANALYZER_NONNULL = YES;
				CLANG_ANALYZER_NUMBER_OBJECT_CONVERSION = YES_AGGRESSIVE;
				CLANG_CXX_LANGUAGE_STANDARD = "gnu++14";
				CLANG_CXX_LIBRARY = "libc++";
				CLANG_ENABLE_MODULES = YES;
				CLANG_ENABLE_OBJC_ARC = YES;
				CLANG_WARN_BLOCK_CAPTURE_AUTORELEASING = YES;
				CLANG_WARN_BOOL_CONVERSION = YES;
				CLANG_WARN_COMMA = YES;
				CLANG_WARN_CONSTANT_CONVERSION = YES;
				CLANG_WARN_DIRECT_OBJC_ISA_USAGE = YES_ERROR;
				CLANG_WARN_DOCUMENTATION_COMMENTS = YES;
				CLANG_WARN_EMPTY_BODY = YES;
				CLANG_WARN_ENUM_CONVERSION = YES;
				CLANG_WARN_INFINITE_RECURSION = YES;
				CLANG_WARN_INT_CONVERSION = YES;
				CLANG_WARN_NON_LITERAL_NULL_CONVERSION = YES;
				CLANG_WARN_OBJC_LITERAL_CONVERSION = YES;
				CLANG_WARN_OBJC_ROOT_CLASS = YES_ERROR;
				CLANG_WARN_RANGE_LOOP_ANALYSIS = YES;
				CLANG_WARN_STRICT_PROTOTYPES = YES;
				CLANG_WARN_SUSPICIOUS_MOVE = YES;
				CLANG_WARN_UNGUARDED_AVAILABILITY = YES_AGGRESSIVE;
				CLANG_WARN_UNREACHABLE_CODE = YES;
				CLANG_WARN__DUPLICATE_METHOD_MATCH = YES;
				CODE_SIGN_IDENTITY = "iPhone Developer";
				COPY_PHASE_STRIP = NO;
				DEBUG_INFORMATION_FORMAT = dwarf;
				ENABLE_STRICT_OBJC_MSGSEND = YES;
				ENABLE_TESTABILITY = YES;
				GCC_C_LANGUAGE_STANDARD = gnu11;
				GCC_DYNAMIC_NO_PIC = NO;
				GCC_NO_COMMON_BLOCKS = YES;
				GCC_OPTIMIZATION_LEVEL = 0;
				GCC_PREPROCESSOR_DEFINITIONS = (
					"DEBUG=1",
					"$(inherited)",
				);
				GCC_WARN_64_TO_32_BIT_CONVERSION = YES;
				GCC_WARN_ABOUT_RETURN_TYPE = YES_ERROR;
				GCC_WARN_UNDECLARED_SELECTOR = YES;
				GCC_WARN_UNINITIALIZED_AUTOS = YES_AGGRESSIVE;
				GCC_WARN_UNUSED_FUNCTION = YES;
				GCC_WARN_UNUSED_VARIABLE = YES;
				IPHONEOS_DEPLOYMENT_TARGET = 11.0;
				MTL_ENABLE_DEBUG_INFO = YES;
				ONLY_ACTIVE_ARCH = YES;
				SDKROOT = iphoneos;
			};
			name = Debug;
		};
		C79A29A91FA850D800C67481 /* Release */ = {
			isa = XCBuildConfiguration;
			buildSettings = {
				ALWAYS_SEARCH_USER_PATHS = NO;
				CLANG_ANALYZER_NONNULL = YES;
				CLANG_ANALYZER_NUMBER_OBJECT_CONVERSION = YES_AGGRESSIVE;
				CLANG_CXX_LANGUAGE_STANDARD = "gnu++14";
				CLANG_CXX_LIBRARY = "libc++";
				CLANG_ENABLE_MODULES = YES;
				CLANG_ENABLE_OBJC_ARC = YES;
				CLANG_WARN_BLOCK_CAPTURE_AUTORELEASING = YES;
				CLANG_WARN_BOOL_CONVERSION = YES;
				CLANG_WARN_COMMA = YES;
				CLANG_WARN_CONSTANT_CONVERSION = YES;
				CLANG_WARN_DIRECT_OBJC_ISA_USAGE = YES_ERROR;
				CLANG_WARN_DOCUMENTATION_COMMENTS = YES;
				CLANG_WARN_EMPTY_BODY = YES;
				CLANG_WARN_ENUM_CONVERSION = YES;
				CLANG_WARN_INFINITE_RECURSION = YES;
				CLANG_WARN_INT_CONVERSION = YES;
				CLANG_WARN_NON_LITERAL_NULL_CONVERSION = YES;
				CLANG_WARN_OBJC_LITERAL_CONVERSION = YES;
				CLANG_WARN_OBJC_ROOT_CLASS = YES_ERROR;
				CLANG_WARN_RANGE_LOOP_ANALYSIS = YES;
				CLANG_WARN_STRICT_PROTOTYPES = YES;
				CLANG_WARN_SUSPICIOUS_MOVE = YES;
				CLANG_WARN_UNGUARDED_AVAILABILITY = YES_AGGRESSIVE;
				CLANG_WARN_UNREACHABLE_CODE = YES;
				CLANG_WARN__DUPLICATE_METHOD_MATCH = YES;
				CODE_SIGN_IDENTITY = "iPhone Developer";
				COPY_PHASE_STRIP = NO;
				DEBUG_INFORMATION_FORMAT = "dwarf-with-dsym";
				ENABLE_NS_ASSERTIONS = NO;
				ENABLE_STRICT_OBJC_MSGSEND = YES;
				GCC_C_LANGUAGE_STANDARD = gnu11;
				GCC_NO_COMMON_BLOCKS = YES;
				GCC_WARN_64_TO_32_BIT_CONVERSION = YES;
				GCC_WARN_ABOUT_RETURN_TYPE = YES_ERROR;
				GCC_WARN_UNDECLARED_SELECTOR = YES;
				GCC_WARN_UNINITIALIZED_AUTOS = YES_AGGRESSIVE;
				GCC_WARN_UNUSED_FUNCTION = YES;
				GCC_WARN_UNUSED_VARIABLE = YES;
				IPHONEOS_DEPLOYMENT_TARGET = 11.0;
				MTL_ENABLE_DEBUG_INFO = NO;
				SDKROOT = iphoneos;
				VALIDATE_PRODUCT = YES;
			};
			name = Release;
		};
		C79A29AB1FA850D800C67481 /* Debug */ = {
			isa = XCBuildConfiguration;
			baseConfigurationReference = 16BFB54F94718F71F2EAC288 /* Pods-RACDemo.debug.xcconfig */;
			buildSettings = {
				ASSETCATALOG_COMPILER_APPICON_NAME = AppIcon;
				CODE_SIGN_STYLE = Automatic;
				DEVELOPMENT_TEAM = 99LHU7K998;
				INFOPLIST_FILE = RACDemo/Info.plist;
				LD_RUNPATH_SEARCH_PATHS = "$(inherited) @executable_path/Frameworks";
				PRODUCT_BUNDLE_IDENTIFIER = com.zhiyuehl.RACDemo;
				PRODUCT_NAME = "$(TARGET_NAME)";
				TARGETED_DEVICE_FAMILY = "1,2";
			};
			name = Debug;
		};
		C79A29AC1FA850D800C67481 /* Release */ = {
			isa = XCBuildConfiguration;
			baseConfigurationReference = F0F2876D185AEAE6838CE339 /* Pods-RACDemo.release.xcconfig */;
			buildSettings = {
				ASSETCATALOG_COMPILER_APPICON_NAME = AppIcon;
				CODE_SIGN_STYLE = Automatic;
				DEVELOPMENT_TEAM = 99LHU7K998;
				INFOPLIST_FILE = RACDemo/Info.plist;
				LD_RUNPATH_SEARCH_PATHS = "$(inherited) @executable_path/Frameworks";
				PRODUCT_BUNDLE_IDENTIFIER = com.zhiyuehl.RACDemo;
				PRODUCT_NAME = "$(TARGET_NAME)";
				TARGETED_DEVICE_FAMILY = "1,2";
			};
			name = Release;
		};
/* End XCBuildConfiguration section */

/* Begin XCConfigurationList section */
		C79A298F1FA850D800C67481 /* Build configuration list for PBXProject "RACDemo" */ = {
			isa = XCConfigurationList;
			buildConfigurations = (
				C79A29A81FA850D800C67481 /* Debug */,
				C79A29A91FA850D800C67481 /* Release */,
			);
			defaultConfigurationIsVisible = 0;
			defaultConfigurationName = Release;
		};
		C79A29AA1FA850D800C67481 /* Build configuration list for PBXNativeTarget "RACDemo" */ = {
			isa = XCConfigurationList;
			buildConfigurations = (
				C79A29AB1FA850D800C67481 /* Debug */,
				C79A29AC1FA850D800C67481 /* Release */,
			);
			defaultConfigurationIsVisible = 0;
			defaultConfigurationName = Release;
		};
/* End XCConfigurationList section */
	};
	rootObject = C79A298C1FA850D800C67481 /* Project object */;
}
